
Microsoft Visual Studio Solution File, Format Version 12.00
# Visual Studio Version 17
VisualStudioVersion = 17.14.36408.4 d17.14
MinimumVisualStudioVersion = 10.0.40219.1
Project("{FAE04EC0-301F-11D3-BF4B-00C04F79EFBC}") = "duzeypromosyonn", "duzeypromosyonn\duzeypromosyonn.csproj", "{DF736AAC-7FFE-4D51-A7B4-44BB146A3DD5}"
EndProject
Global
	GlobalSection(SolutionConfigurationPlatforms) = preSolution
		Debug|Any CPU = Debug|Any CPU
		Release|Any CPU = Release|Any CPU
	EndGlobalSection
	GlobalSection(ProjectConfigurationPlatforms) = postSolution
		{DF736AAC-7FFE-4D51-A7B4-44BB146A3DD5}.Debug|Any CPU.ActiveCfg = Debug|Any CPU
		{DF736AAC-7FFE-4D51-A7B4-44BB146A3DD5}.Debug|Any CPU.Build.0 = Debug|Any CPU
		{DF736AAC-7FFE-4D51-A7B4-44BB146A3DD5}.Release|Any CPU.ActiveCfg = Release|Any CPU
		{DF736AAC-7FFE-4D51-A7B4-44BB146A3DD5}.Release|Any CPU.Build.0 = Release|Any CPU
	EndGlobalSection
	GlobalSection(SolutionProperties) = preSolution
		HideSolutionNode = FALSE
	EndGlobalSection
	GlobalSection(ExtensibilityGlobals) = postSolution
		SolutionGuid = {744D3AAA-26E2-40A7-8BF2-B9022E14AF14}
	EndGlobalSection
EndGlobal
